
Microsoft Visual Studio Solution File, Format Version 12.00
# Visual Studio Version 16
VisualStudioVersion = 16.0.30204.135
MinimumVisualStudioVersion = 10.0.40219.1
Project("{FAE04EC0-301F-11D3-BF4B-00C04F79EFBC}") = "Events", "Events\Events.csproj", "{5E381479-17A7-4F69-974F-C17FFA259828}"
EndProject
Global
	GlobalSection(SolutionConfigurationPlatforms) = preSolution
		Debug|Any CPU = Debug|Any CPU
		Release|Any CPU = Release|Any CPU
	EndGlobalSection
	GlobalSection(ProjectConfigurationPlatforms) = postSolution
		{5E381479-17A7-4F69-974F-C17FFA259828}.Debug|Any CPU.ActiveCfg = Debug|Any CPU
		{5E381479-17A7-4F69-974F-C17FFA259828}.Debug|Any CPU.Build.0 = Debug|Any CPU
		{5E381479-17A7-4F69-974F-C17FFA259828}.Release|Any CPU.ActiveCfg = Release|Any CPU
		{5E381479-17A7-4F69-974F-C17FFA259828}.Release|Any CPU.Build.0 = Release|Any CPU
	EndGlobalSection
	GlobalSection(SolutionProperties) = preSolution
		HideSolutionNode = FALSE
	EndGlobalSection
	GlobalSection(ExtensibilityGlobals) = postSolution
		SolutionGuid = {5B2DFB58-7ECC-4737-849C-6D4872E69451}
	EndGlobalSection
EndGlobal
