
Microsoft Visual Studio Solution File, Format Version 12.00
# Visual Studio Version 16
VisualStudioVersion = 16.0.29709.97
MinimumVisualStudioVersion = 10.0.40219.1
Project("{FAE04EC0-301F-11D3-BF4B-00C04F79EFBC}") = "TwoDimensionalArray", "TwoDimensionalArray.csproj", "{AB6EE7E6-BA5E-4A25-91B2-8F653AA3C2A0}"
EndProject
Global
	GlobalSection(SolutionConfigurationPlatforms) = preSolution
		Debug|Any CPU = Debug|Any CPU
		Release|Any CPU = Release|Any CPU
	EndGlobalSection
	GlobalSection(ProjectConfigurationPlatforms) = postSolution
		{AB6EE7E6-BA5E-4A25-91B2-8F653AA3C2A0}.Debug|Any CPU.ActiveCfg = Debug|Any CPU
		{AB6EE7E6-BA5E-4A25-91B2-8F653AA3C2A0}.Debug|Any CPU.Build.0 = Debug|Any CPU
		{AB6EE7E6-BA5E-4A25-91B2-8F653AA3C2A0}.Release|Any CPU.ActiveCfg = Release|Any CPU
		{AB6EE7E6-BA5E-4A25-91B2-8F653AA3C2A0}.Release|Any CPU.Build.0 = Release|Any CPU
	EndGlobalSection
	GlobalSection(SolutionProperties) = preSolution
		HideSolutionNode = FALSE
	EndGlobalSection
	GlobalSection(ExtensibilityGlobals) = postSolution
		SolutionGuid = {060D4674-54AA-4275-9BE6-FA3F36D0FD69}
	EndGlobalSection
EndGlobal
