
Microsoft Visual Studio Solution File, Format Version 12.00
# Visual Studio Version 16
VisualStudioVersion = 16.0.29709.97
MinimumVisualStudioVersion = 10.0.40219.1
Project("{FAE04EC0-301F-11D3-BF4B-00C04F79EFBC}") = "HashTable", "..\..\IS375_Spring_2020\IN\PeytonBodhi\Module1\HashTable\HashTable.csproj", "{D4BB9C2D-0C83-40EA-8EBB-8C14B619D421}"
EndProject
Global
	GlobalSection(SolutionConfigurationPlatforms) = preSolution
		Debug|Any CPU = Debug|Any CPU
		Release|Any CPU = Release|Any CPU
	EndGlobalSection
	GlobalSection(ProjectConfigurationPlatforms) = postSolution
		{D4BB9C2D-0C83-40EA-8EBB-8C14B619D421}.Debug|Any CPU.ActiveCfg = Debug|Any CPU
		{D4BB9C2D-0C83-40EA-8EBB-8C14B619D421}.Debug|Any CPU.Build.0 = Debug|Any CPU
		{D4BB9C2D-0C83-40EA-8EBB-8C14B619D421}.Release|Any CPU.ActiveCfg = Release|Any CPU
		{D4BB9C2D-0C83-40EA-8EBB-8C14B619D421}.Release|Any CPU.Build.0 = Release|Any CPU
	EndGlobalSection
	GlobalSection(SolutionProperties) = preSolution
		HideSolutionNode = FALSE
	EndGlobalSection
	GlobalSection(ExtensibilityGlobals) = postSolution
		SolutionGuid = {62162E3F-DDD4-457A-8590-9F469B1DB0AF}
	EndGlobalSection
EndGlobal
