
Microsoft Visual Studio Solution File, Format Version 12.00
# Visual Studio Version 16
VisualStudioVersion = 16.0.30204.135
MinimumVisualStudioVersion = 10.0.40219.1
Project("{FAE04EC0-301F-11D3-BF4B-00C04F79EFBC}") = "Delegates", "Delegates\Delegates.csproj", "{B746B4CD-1DBB-4D8B-8731-63DDC88E63C2}"
EndProject
Global
	GlobalSection(SolutionConfigurationPlatforms) = preSolution
		Debug|Any CPU = Debug|Any CPU
		Release|Any CPU = Release|Any CPU
	EndGlobalSection
	GlobalSection(ProjectConfigurationPlatforms) = postSolution
		{B746B4CD-1DBB-4D8B-8731-63DDC88E63C2}.Debug|Any CPU.ActiveCfg = Debug|Any CPU
		{B746B4CD-1DBB-4D8B-8731-63DDC88E63C2}.Debug|Any CPU.Build.0 = Debug|Any CPU
		{B746B4CD-1DBB-4D8B-8731-63DDC88E63C2}.Release|Any CPU.ActiveCfg = Release|Any CPU
		{B746B4CD-1DBB-4D8B-8731-63DDC88E63C2}.Release|Any CPU.Build.0 = Release|Any CPU
	EndGlobalSection
	GlobalSection(SolutionProperties) = preSolution
		HideSolutionNode = FALSE
	EndGlobalSection
	GlobalSection(ExtensibilityGlobals) = postSolution
		SolutionGuid = {17EBFDAE-1498-4A72-B937-9DEF0D8D8549}
	EndGlobalSection
EndGlobal
