
Microsoft Visual Studio Solution File, Format Version 12.00
# Visual Studio Version 16
VisualStudioVersion = 16.0.29709.97
MinimumVisualStudioVersion = 10.0.40219.1
Project("{FAE04EC0-301F-11D3-BF4B-00C04F79EFBC}") = "MultiDimensionalArrayProgram", "MultiDimensionalArrayProgram.csproj", "{B95BC4D4-9137-4589-8DBC-F17E4773BA6D}"
EndProject
Global
	GlobalSection(SolutionConfigurationPlatforms) = preSolution
		Debug|Any CPU = Debug|Any CPU
		Release|Any CPU = Release|Any CPU
	EndGlobalSection
	GlobalSection(ProjectConfigurationPlatforms) = postSolution
		{B95BC4D4-9137-4589-8DBC-F17E4773BA6D}.Debug|Any CPU.ActiveCfg = Debug|Any CPU
		{B95BC4D4-9137-4589-8DBC-F17E4773BA6D}.Debug|Any CPU.Build.0 = Debug|Any CPU
		{B95BC4D4-9137-4589-8DBC-F17E4773BA6D}.Release|Any CPU.ActiveCfg = Release|Any CPU
		{B95BC4D4-9137-4589-8DBC-F17E4773BA6D}.Release|Any CPU.Build.0 = Release|Any CPU
	EndGlobalSection
	GlobalSection(SolutionProperties) = preSolution
		HideSolutionNode = FALSE
	EndGlobalSection
	GlobalSection(ExtensibilityGlobals) = postSolution
		SolutionGuid = {178019E0-CDA8-4B05-8198-E37C2179705C}
	EndGlobalSection
EndGlobal
