
Microsoft Visual Studio Solution File, Format Version 12.00
# Visual Studio Version 16
VisualStudioVersion = 16.0.30204.135
MinimumVisualStudioVersion = 10.0.40219.1
Project("{FAE04EC0-301F-11D3-BF4B-00C04F79EFBC}") = "MulticastingDelegates", "MulticastingDelegates\MulticastingDelegates.csproj", "{039594AA-ECE1-4CF6-8D45-E76089558E1A}"
EndProject
Global
	GlobalSection(SolutionConfigurationPlatforms) = preSolution
		Debug|Any CPU = Debug|Any CPU
		Release|Any CPU = Release|Any CPU
	EndGlobalSection
	GlobalSection(ProjectConfigurationPlatforms) = postSolution
		{039594AA-ECE1-4CF6-8D45-E76089558E1A}.Debug|Any CPU.ActiveCfg = Debug|Any CPU
		{039594AA-ECE1-4CF6-8D45-E76089558E1A}.Debug|Any CPU.Build.0 = Debug|Any CPU
		{039594AA-ECE1-4CF6-8D45-E76089558E1A}.Release|Any CPU.ActiveCfg = Release|Any CPU
		{039594AA-ECE1-4CF6-8D45-E76089558E1A}.Release|Any CPU.Build.0 = Release|Any CPU
	EndGlobalSection
	GlobalSection(SolutionProperties) = preSolution
		HideSolutionNode = FALSE
	EndGlobalSection
	GlobalSection(ExtensibilityGlobals) = postSolution
		SolutionGuid = {4B9D59A4-04CC-415F-B379-EFA6F2DE48DD}
	EndGlobalSection
EndGlobal
