
Microsoft Visual Studio Solution File, Format Version 12.00
# Visual Studio Version 16
VisualStudioVersion = 16.0.30128.74
MinimumVisualStudioVersion = 10.0.40219.1
Project("{FAE04EC0-301F-11D3-BF4B-00C04F79EFBC}") = "MyFirstWebApp", "MyFirstWebApp\MyFirstWebApp.csproj", "{33F38FB8-64FA-403F-BCCD-C9597F82FB25}"
EndProject
Global
	GlobalSection(SolutionConfigurationPlatforms) = preSolution
		Debug|Any CPU = Debug|Any CPU
		Release|Any CPU = Release|Any CPU
	EndGlobalSection
	GlobalSection(ProjectConfigurationPlatforms) = postSolution
		{33F38FB8-64FA-403F-BCCD-C9597F82FB25}.Debug|Any CPU.ActiveCfg = Debug|Any CPU
		{33F38FB8-64FA-403F-BCCD-C9597F82FB25}.Debug|Any CPU.Build.0 = Debug|Any CPU
		{33F38FB8-64FA-403F-BCCD-C9597F82FB25}.Release|Any CPU.ActiveCfg = Release|Any CPU
		{33F38FB8-64FA-403F-BCCD-C9597F82FB25}.Release|Any CPU.Build.0 = Release|Any CPU
	EndGlobalSection
	GlobalSection(SolutionProperties) = preSolution
		HideSolutionNode = FALSE
	EndGlobalSection
	GlobalSection(ExtensibilityGlobals) = postSolution
		SolutionGuid = {F00CF560-7EAF-4E9A-9B30-A9C589644FEE}
	EndGlobalSection
EndGlobal
