
Microsoft Visual Studio Solution File, Format Version 12.00
# Visual Studio 15
Project("{FAE04EC0-301F-11D3-BF4B-00C04F79EFBC}") = "Delegates", "Delegates\Delegates.csproj", "{81F409F8-6E73-4DDD-BA72-8BB0BC5F885C}"
EndProject
Global
	GlobalSection(SolutionConfigurationPlatforms) = preSolution
		Debug|Any CPU = Debug|Any CPU
		Release|Any CPU = Release|Any CPU
	EndGlobalSection
	GlobalSection(ProjectConfigurationPlatforms) = postSolution
		{81F409F8-6E73-4DDD-BA72-8BB0BC5F885C}.Debug|Any CPU.ActiveCfg = Debug|Any CPU
		{81F409F8-6E73-4DDD-BA72-8BB0BC5F885C}.Debug|Any CPU.Build.0 = Debug|Any CPU
		{81F409F8-6E73-4DDD-BA72-8BB0BC5F885C}.Release|Any CPU.ActiveCfg = Release|Any CPU
		{81F409F8-6E73-4DDD-BA72-8BB0BC5F885C}.Release|Any CPU.Build.0 = Release|Any CPU
	EndGlobalSection
EndGlobal
