
Microsoft Visual Studio Solution File, Format Version 12.00
# Visual Studio Version 16
VisualStudioVersion = 16.0.30011.22
MinimumVisualStudioVersion = 10.0.40219.1
Project("{FAE04EC0-301F-11D3-BF4B-00C04F79EFBC}") = "DivideByZero", "DivideByZero.csproj", "{0FF448C0-55A2-40E7-9ED2-D5DA41C9007A}"
EndProject
Global
	GlobalSection(SolutionConfigurationPlatforms) = preSolution
		Debug|Any CPU = Debug|Any CPU
		Release|Any CPU = Release|Any CPU
	EndGlobalSection
	GlobalSection(ProjectConfigurationPlatforms) = postSolution
		{0FF448C0-55A2-40E7-9ED2-D5DA41C9007A}.Debug|Any CPU.ActiveCfg = Debug|Any CPU
		{0FF448C0-55A2-40E7-9ED2-D5DA41C9007A}.Debug|Any CPU.Build.0 = Debug|Any CPU
		{0FF448C0-55A2-40E7-9ED2-D5DA41C9007A}.Release|Any CPU.ActiveCfg = Release|Any CPU
		{0FF448C0-55A2-40E7-9ED2-D5DA41C9007A}.Release|Any CPU.Build.0 = Release|Any CPU
	EndGlobalSection
	GlobalSection(SolutionProperties) = preSolution
		HideSolutionNode = FALSE
	EndGlobalSection
	GlobalSection(ExtensibilityGlobals) = postSolution
		SolutionGuid = {2542DC85-C297-4094-BD09-E0AA8C60D234}
	EndGlobalSection
EndGlobal
