
Microsoft Visual Studio Solution File, Format Version 12.00
# Visual Studio Version 16
VisualStudioVersion = 16.0.30204.135
MinimumVisualStudioVersion = 10.0.40219.1
Project("{FAE04EC0-301F-11D3-BF4B-00C04F79EFBC}") = "HashTable", "HashTable\HashTable.csproj", "{D5353C18-3D1C-4F12-ABE2-EE1785DF07D4}"
EndProject
Global
	GlobalSection(SolutionConfigurationPlatforms) = preSolution
		Debug|Any CPU = Debug|Any CPU
		Release|Any CPU = Release|Any CPU
	EndGlobalSection
	GlobalSection(ProjectConfigurationPlatforms) = postSolution
		{D5353C18-3D1C-4F12-ABE2-EE1785DF07D4}.Debug|Any CPU.ActiveCfg = Debug|Any CPU
		{D5353C18-3D1C-4F12-ABE2-EE1785DF07D4}.Debug|Any CPU.Build.0 = Debug|Any CPU
		{D5353C18-3D1C-4F12-ABE2-EE1785DF07D4}.Release|Any CPU.ActiveCfg = Release|Any CPU
		{D5353C18-3D1C-4F12-ABE2-EE1785DF07D4}.Release|Any CPU.Build.0 = Release|Any CPU
	EndGlobalSection
	GlobalSection(SolutionProperties) = preSolution
		HideSolutionNode = FALSE
	EndGlobalSection
	GlobalSection(ExtensibilityGlobals) = postSolution
		SolutionGuid = {1A02B356-DA03-4CB7-8B93-FEEA83FA0473}
	EndGlobalSection
EndGlobal
